{
  "name": "@dameradev/strapi-admin-invite-email",
  "version": "1.0.0",
  "lockfileVersion": 3,
  "requires": true,
  "packages": {
    "": {
      "name": "@dameradev/strapi-admin-invite-email",
      "version": "1.0.0",
      "license": "MIT",
      "dependencies": {
        "@strapi/provider-email-nodemailer": "^4.5.0"
      }
    },
    "node_modules/@strapi/provider-email-nodemailer": {
      "version": "4.25.10",
      "resolved": "https://registry.npmjs.org/@strapi/provider-email-nodemailer/-/provider-email-nodemailer-4.25.10.tgz",
      "integrity": "sha512-kNr3Zm4edXL2B6jLA7Vr96SDxdFuveHBj+zA+aJnRSbK5KT9/f+5nwFT4ZpzE2Gfi5FN3GEUt7YVZ6zNgH+5dg==",
      "dependencies": {
        "lodash": "4.17.21",
        "nodemailer": "6.9.1"
      },
      "engines": {
        "node": ">=18.0.0 <=20.x.x",
        "npm": ">=6.0.0"
      }
    },
    "node_modules/lodash": {
      "version": "4.17.21",
      "resolved": "https://registry.npmjs.org/lodash/-/lodash-4.17.21.tgz",
      "integrity": "sha512-v2kDEe57lecTulaDIuNTPy3Ry4gLGJ6Z1O3vE1krgXZNrsQ+LFTGHVxVjcXPs17LhbZVGedAJv8XZ1tvj5FvSg=="
    },
    "node_modules/nodemailer": {
      "version": "6.9.1",
      "resolved": "https://registry.npmjs.org/nodemailer/-/nodemailer-6.9.1.tgz",
      "integrity": "sha512-qHw7dOiU5UKNnQpXktdgQ1d3OFgRAekuvbJLcdG5dnEo/GtcTHRYM7+UfJARdOFU9WUQO8OiIamgWPmiSFHYAA==",
      "engines": {
        "node": ">=6.0.0"
      }
    }
  }
}
